
Microsoft Visual Studio Solution File, Format Version 12.00
# Visual Studio 15
VisualStudioVersion = 15.0.26124.0
MinimumVisualStudioVersion = 15.0.26124.0
Project("{2150E333-8FDC-42A3-9474-1A3956D46DE8}") = "postgres", "postgres", "{FD5CCB39-1CBA-427D-AC97-824793FD8B2A}"
EndProject
Project("{FAE04EC0-301F-11D3-BF4B-00C04F79EFBC}") = "Sequence.Postgres", "postgres\Sequence.Postgres\Sequence.Postgres.csproj", "{1E0C1C8F-EA2B-49AA-B0C5-ADA7F84C7C7F}"
EndProject
Project("{FAE04EC0-301F-11D3-BF4B-00C04F79EFBC}") = "Sequence.Postgres.Test", "postgres\Sequence.Postgres.Test\Sequence.Postgres.Test.csproj", "{96E43F1C-E792-43D0-BB6A-A150FC09878C}"
EndProject
Project("{2150E333-8FDC-42A3-9474-1A3956D46DE8}") = "api", "api", "{3994B26A-08F1-4352-AA13-BDA85AC26345}"
EndProject
Project("{FAE04EC0-301F-11D3-BF4B-00C04F79EFBC}") = "Sequence.Api", "api\Sequence.Api\Sequence.Api.csproj", "{BC6507DE-32A9-4AA4-BCB9-F59A66A1112D}"
EndProject
Project("{FAE04EC0-301F-11D3-BF4B-00C04F79EFBC}") = "Sequence.Api.Test", "api\Sequence.Api.Test\Sequence.Api.Test.csproj", "{9FCA2A27-7238-4897-9768-C83C9D84B2F0}"
EndProject
Project("{2150E333-8FDC-42A3-9474-1A3956D46DE8}") = "core", "core", "{226CDF09-D8AA-418E-966F-6BEF9B619984}"
EndProject
Project("{FAE04EC0-301F-11D3-BF4B-00C04F79EFBC}") = "Sequence.Core", "core\Sequence.Core\Sequence.Core.csproj", "{00EBD992-236F-4F97-B51D-F9B7D955CF33}"
EndProject
Project("{FAE04EC0-301F-11D3-BF4B-00C04F79EFBC}") = "Sequence.Core.Test", "core\Sequence.Core.Test\Sequence.Core.Test.csproj", "{ED136825-168E-4758-ACB2-C258DB37FE0A}"
EndProject
Global
	GlobalSection(SolutionConfigurationPlatforms) = preSolution
		Debug|Any CPU = Debug|Any CPU
		Debug|x64 = Debug|x64
		Debug|x86 = Debug|x86
		Release|Any CPU = Release|Any CPU
		Release|x64 = Release|x64
		Release|x86 = Release|x86
	EndGlobalSection
	GlobalSection(SolutionProperties) = preSolution
		HideSolutionNode = FALSE
	EndGlobalSection
	GlobalSection(ProjectConfigurationPlatforms) = postSolution
		{1E0C1C8F-EA2B-49AA-B0C5-ADA7F84C7C7F}.Debug|Any CPU.ActiveCfg = Debug|Any CPU
		{1E0C1C8F-EA2B-49AA-B0C5-ADA7F84C7C7F}.Debug|Any CPU.Build.0 = Debug|Any CPU
		{1E0C1C8F-EA2B-49AA-B0C5-ADA7F84C7C7F}.Debug|x64.ActiveCfg = Debug|Any CPU
		{1E0C1C8F-EA2B-49AA-B0C5-ADA7F84C7C7F}.Debug|x64.Build.0 = Debug|Any CPU
		{1E0C1C8F-EA2B-49AA-B0C5-ADA7F84C7C7F}.Debug|x86.ActiveCfg = Debug|Any CPU
		{1E0C1C8F-EA2B-49AA-B0C5-ADA7F84C7C7F}.Debug|x86.Build.0 = Debug|Any CPU
		{1E0C1C8F-EA2B-49AA-B0C5-ADA7F84C7C7F}.Release|Any CPU.ActiveCfg = Release|Any CPU
		{1E0C1C8F-EA2B-49AA-B0C5-ADA7F84C7C7F}.Release|Any CPU.Build.0 = Release|Any CPU
		{1E0C1C8F-EA2B-49AA-B0C5-ADA7F84C7C7F}.Release|x64.ActiveCfg = Release|Any CPU
		{1E0C1C8F-EA2B-49AA-B0C5-ADA7F84C7C7F}.Release|x64.Build.0 = Release|Any CPU
		{1E0C1C8F-EA2B-49AA-B0C5-ADA7F84C7C7F}.Release|x86.ActiveCfg = Release|Any CPU
		{1E0C1C8F-EA2B-49AA-B0C5-ADA7F84C7C7F}.Release|x86.Build.0 = Release|Any CPU
		{96E43F1C-E792-43D0-BB6A-A150FC09878C}.Debug|Any CPU.ActiveCfg = Debug|Any CPU
		{96E43F1C-E792-43D0-BB6A-A150FC09878C}.Debug|Any CPU.Build.0 = Debug|Any CPU
		{96E43F1C-E792-43D0-BB6A-A150FC09878C}.Debug|x64.ActiveCfg = Debug|Any CPU
		{96E43F1C-E792-43D0-BB6A-A150FC09878C}.Debug|x64.Build.0 = Debug|Any CPU
		{96E43F1C-E792-43D0-BB6A-A150FC09878C}.Debug|x86.ActiveCfg = Debug|Any CPU
		{96E43F1C-E792-43D0-BB6A-A150FC09878C}.Debug|x86.Build.0 = Debug|Any CPU
		{96E43F1C-E792-43D0-BB6A-A150FC09878C}.Release|Any CPU.ActiveCfg = Release|Any CPU
		{96E43F1C-E792-43D0-BB6A-A150FC09878C}.Release|Any CPU.Build.0 = Release|Any CPU
		{96E43F1C-E792-43D0-BB6A-A150FC09878C}.Release|x64.ActiveCfg = Release|Any CPU
		{96E43F1C-E792-43D0-BB6A-A150FC09878C}.Release|x64.Build.0 = Release|Any CPU
		{96E43F1C-E792-43D0-BB6A-A150FC09878C}.Release|x86.ActiveCfg = Release|Any CPU
		{96E43F1C-E792-43D0-BB6A-A150FC09878C}.Release|x86.Build.0 = Release|Any CPU
		{BC6507DE-32A9-4AA4-BCB9-F59A66A1112D}.Debug|Any CPU.ActiveCfg = Debug|Any CPU
		{BC6507DE-32A9-4AA4-BCB9-F59A66A1112D}.Debug|Any CPU.Build.0 = Debug|Any CPU
		{BC6507DE-32A9-4AA4-BCB9-F59A66A1112D}.Debug|x64.ActiveCfg = Debug|Any CPU
		{BC6507DE-32A9-4AA4-BCB9-F59A66A1112D}.Debug|x64.Build.0 = Debug|Any CPU
		{BC6507DE-32A9-4AA4-BCB9-F59A66A1112D}.Debug|x86.ActiveCfg = Debug|Any CPU
		{BC6507DE-32A9-4AA4-BCB9-F59A66A1112D}.Debug|x86.Build.0 = Debug|Any CPU
		{BC6507DE-32A9-4AA4-BCB9-F59A66A1112D}.Release|Any CPU.ActiveCfg = Release|Any CPU
		{BC6507DE-32A9-4AA4-BCB9-F59A66A1112D}.Release|Any CPU.Build.0 = Release|Any CPU
		{BC6507DE-32A9-4AA4-BCB9-F59A66A1112D}.Release|x64.ActiveCfg = Release|Any CPU
		{BC6507DE-32A9-4AA4-BCB9-F59A66A1112D}.Release|x64.Build.0 = Release|Any CPU
		{BC6507DE-32A9-4AA4-BCB9-F59A66A1112D}.Release|x86.ActiveCfg = Release|Any CPU
		{BC6507DE-32A9-4AA4-BCB9-F59A66A1112D}.Release|x86.Build.0 = Release|Any CPU
		{9FCA2A27-7238-4897-9768-C83C9D84B2F0}.Debug|Any CPU.ActiveCfg = Debug|Any CPU
		{9FCA2A27-7238-4897-9768-C83C9D84B2F0}.Debug|Any CPU.Build.0 = Debug|Any CPU
		{9FCA2A27-7238-4897-9768-C83C9D84B2F0}.Debug|x64.ActiveCfg = Debug|Any CPU
		{9FCA2A27-7238-4897-9768-C83C9D84B2F0}.Debug|x64.Build.0 = Debug|Any CPU
		{9FCA2A27-7238-4897-9768-C83C9D84B2F0}.Debug|x86.ActiveCfg = Debug|Any CPU
		{9FCA2A27-7238-4897-9768-C83C9D84B2F0}.Debug|x86.Build.0 = Debug|Any CPU
		{9FCA2A27-7238-4897-9768-C83C9D84B2F0}.Release|Any CPU.ActiveCfg = Release|Any CPU
		{9FCA2A27-7238-4897-9768-C83C9D84B2F0}.Release|Any CPU.Build.0 = Release|Any CPU
		{9FCA2A27-7238-4897-9768-C83C9D84B2F0}.Release|x64.ActiveCfg = Release|Any CPU
		{9FCA2A27-7238-4897-9768-C83C9D84B2F0}.Release|x64.Build.0 = Release|Any CPU
		{9FCA2A27-7238-4897-9768-C83C9D84B2F0}.Release|x86.ActiveCfg = Release|Any CPU
		{9FCA2A27-7238-4897-9768-C83C9D84B2F0}.Release|x86.Build.0 = Release|Any CPU
		{00EBD992-236F-4F97-B51D-F9B7D955CF33}.Debug|Any CPU.ActiveCfg = Debug|Any CPU
		{00EBD992-236F-4F97-B51D-F9B7D955CF33}.Debug|Any CPU.Build.0 = Debug|Any CPU
		{00EBD992-236F-4F97-B51D-F9B7D955CF33}.Debug|x64.ActiveCfg = Debug|Any CPU
		{00EBD992-236F-4F97-B51D-F9B7D955CF33}.Debug|x64.Build.0 = Debug|Any CPU
		{00EBD992-236F-4F97-B51D-F9B7D955CF33}.Debug|x86.ActiveCfg = Debug|Any CPU
		{00EBD992-236F-4F97-B51D-F9B7D955CF33}.Debug|x86.Build.0 = Debug|Any CPU
		{00EBD992-236F-4F97-B51D-F9B7D955CF33}.Release|Any CPU.ActiveCfg = Release|Any CPU
		{00EBD992-236F-4F97-B51D-F9B7D955CF33}.Release|Any CPU.Build.0 = Release|Any CPU
		{00EBD992-236F-4F97-B51D-F9B7D955CF33}.Release|x64.ActiveCfg = Release|Any CPU
		{00EBD992-236F-4F97-B51D-F9B7D955CF33}.Release|x64.Build.0 = Release|Any CPU
		{00EBD992-236F-4F97-B51D-F9B7D955CF33}.Release|x86.ActiveCfg = Release|Any CPU
		{00EBD992-236F-4F97-B51D-F9B7D955CF33}.Release|x86.Build.0 = Release|Any CPU
		{ED136825-168E-4758-ACB2-C258DB37FE0A}.Debug|Any CPU.ActiveCfg = Debug|Any CPU
		{ED136825-168E-4758-ACB2-C258DB37FE0A}.Debug|Any CPU.Build.0 = Debug|Any CPU
		{ED136825-168E-4758-ACB2-C258DB37FE0A}.Debug|x64.ActiveCfg = Debug|Any CPU
		{ED136825-168E-4758-ACB2-C258DB37FE0A}.Debug|x64.Build.0 = Debug|Any CPU
		{ED136825-168E-4758-ACB2-C258DB37FE0A}.Debug|x86.ActiveCfg = Debug|Any CPU
		{ED136825-168E-4758-ACB2-C258DB37FE0A}.Debug|x86.Build.0 = Debug|Any CPU
		{ED136825-168E-4758-ACB2-C258DB37FE0A}.Release|Any CPU.ActiveCfg = Release|Any CPU
		{ED136825-168E-4758-ACB2-C258DB37FE0A}.Release|Any CPU.Build.0 = Release|Any CPU
		{ED136825-168E-4758-ACB2-C258DB37FE0A}.Release|x64.ActiveCfg = Release|Any CPU
		{ED136825-168E-4758-ACB2-C258DB37FE0A}.Release|x64.Build.0 = Release|Any CPU
		{ED136825-168E-4758-ACB2-C258DB37FE0A}.Release|x86.ActiveCfg = Release|Any CPU
		{ED136825-168E-4758-ACB2-C258DB37FE0A}.Release|x86.Build.0 = Release|Any CPU
	EndGlobalSection
	GlobalSection(NestedProjects) = preSolution
		{1E0C1C8F-EA2B-49AA-B0C5-ADA7F84C7C7F} = {FD5CCB39-1CBA-427D-AC97-824793FD8B2A}
		{96E43F1C-E792-43D0-BB6A-A150FC09878C} = {FD5CCB39-1CBA-427D-AC97-824793FD8B2A}
		{BC6507DE-32A9-4AA4-BCB9-F59A66A1112D} = {3994B26A-08F1-4352-AA13-BDA85AC26345}
		{9FCA2A27-7238-4897-9768-C83C9D84B2F0} = {3994B26A-08F1-4352-AA13-BDA85AC26345}
		{00EBD992-236F-4F97-B51D-F9B7D955CF33} = {226CDF09-D8AA-418E-966F-6BEF9B619984}
		{ED136825-168E-4758-ACB2-C258DB37FE0A} = {226CDF09-D8AA-418E-966F-6BEF9B619984}
	EndGlobalSection
EndGlobal
